
Microsoft Visual Studio Solution File, Format Version 12.00
# Visual Studio Version 17
VisualStudioVersion = 17.10.34916.146
MinimumVisualStudioVersion = 10.0.40219.1
Project("{FAE04EC0-301F-11D3-BF4B-00C04F79EFBC}") = "BankManagementSystem", "BankManagementSystem\BankManagementSystem.csproj", "{448E42A2-06A8-4F20-8937-CFF3320ED1C6}"
EndProject
Global
	GlobalSection(SolutionConfigurationPlatforms) = preSolution
		Debug|Any CPU = Debug|Any CPU
		Release|Any CPU = Release|Any CPU
	EndGlobalSection
	GlobalSection(ProjectConfigurationPlatforms) = postSolution
		{448E42A2-06A8-4F20-8937-CFF3320ED1C6}.Debug|Any CPU.ActiveCfg = Debug|Any CPU
		{448E42A2-06A8-4F20-8937-CFF3320ED1C6}.Debug|Any CPU.Build.0 = Debug|Any CPU
		{448E42A2-06A8-4F20-8937-CFF3320ED1C6}.Release|Any CPU.ActiveCfg = Release|Any CPU
		{448E42A2-06A8-4F20-8937-CFF3320ED1C6}.Release|Any CPU.Build.0 = Release|Any CPU
	EndGlobalSection
	GlobalSection(SolutionProperties) = preSolution
		HideSolutionNode = FALSE
	EndGlobalSection
	GlobalSection(ExtensibilityGlobals) = postSolution
		SolutionGuid = {656246D1-D0A7-4B51-9118-C3840AD92BE8}
	EndGlobalSection
EndGlobal
